Microsoft Visual Studio Solution File, Format Version 11.00
# Visual Studio 2008

Project("{915B0789-BC76-87D9-4758-D890AA19522F}") = "Googlecardboard_memorygame_tiger", "Assembly-CSharp.csproj", "{AB8C1759-0A5A-D07A-902D-585D82790D05}"
EndProject
Project("{915B0789-BC76-87D9-4758-D890AA19522F}") = "Googlecardboard_memorygame_tiger", "Assembly-CSharp-Editor.csproj", "{1AD06B76-66DE-0F94-337D-F58C88939D11}"
EndProject
Global
	GlobalSection(SolutionConfigurationPlatforms) = preSolution
		Debug|Any CPU = Debug|Any CPU
		Release|Any CPU = Release|Any CPU
	EndGlobalSection
	GlobalSection(ProjectConfigurationPlatforms) = postSolution
		{AB8C1759-0A5A-D07A-902D-585D82790D05}.Debug|Any CPU.ActiveCfg = Debug|Any CPU
		{AB8C1759-0A5A-D07A-902D-585D82790D05}.Debug|Any CPU.Build.0 = Debug|Any CPU
		{AB8C1759-0A5A-D07A-902D-585D82790D05}.Release|Any CPU.ActiveCfg = Release|Any CPU
		{AB8C1759-0A5A-D07A-902D-585D82790D05}.Release|Any CPU.Build.0 = Release|Any CPU
		{1AD06B76-66DE-0F94-337D-F58C88939D11}.Debug|Any CPU.ActiveCfg = Debug|Any CPU
		{1AD06B76-66DE-0F94-337D-F58C88939D11}.Debug|Any CPU.Build.0 = Debug|Any CPU
		{1AD06B76-66DE-0F94-337D-F58C88939D11}.Release|Any CPU.ActiveCfg = Release|Any CPU
		{1AD06B76-66DE-0F94-337D-F58C88939D11}.Release|Any CPU.Build.0 = Release|Any CPU
	EndGlobalSection
	GlobalSection(SolutionProperties) = preSolution
		HideSolutionNode = FALSE
	EndGlobalSection
	GlobalSection(MonoDevelopProperties) = preSolution
		StartupItem = Assembly-CSharp.csproj
	EndGlobalSection
EndGlobal
